
Microsoft Visual Studio Solution File, Format Version 11.00
# Visual Studio 2010
Project("{FAE04EC0-301F-11D3-BF4B-00C04F79EFBC}") = "InkFx.Express", "InkFx.Express\InkFx.Express.csproj", "{88488B5D-1010-4E72-B1FF-9B997FCCF1CA}"
EndProject
Project("{FAE04EC0-301F-11D3-BF4B-00C04F79EFBC}") = "InkFx.Express.Test", "InkFx.Express.Test\InkFx.Express.Test.csproj", "{22A05EBE-7F3D-4FDE-9268-A09ADF02E3B8}"
EndProject
Global
	GlobalSection(SolutionConfigurationPlatforms) = preSolution
		Debug|Any CPU = Debug|Any CPU
		Release|Any CPU = Release|Any CPU
	EndGlobalSection
	GlobalSection(ProjectConfigurationPlatforms) = postSolution
		{88488B5D-1010-4E72-B1FF-9B997FCCF1CA}.Debug|Any CPU.ActiveCfg = Debug|Any CPU
		{88488B5D-1010-4E72-B1FF-9B997FCCF1CA}.Debug|Any CPU.Build.0 = Debug|Any CPU
		{88488B5D-1010-4E72-B1FF-9B997FCCF1CA}.Release|Any CPU.ActiveCfg = Release|Any CPU
		{88488B5D-1010-4E72-B1FF-9B997FCCF1CA}.Release|Any CPU.Build.0 = Release|Any CPU
		{22A05EBE-7F3D-4FDE-9268-A09ADF02E3B8}.Debug|Any CPU.ActiveCfg = Debug|Any CPU
		{22A05EBE-7F3D-4FDE-9268-A09ADF02E3B8}.Debug|Any CPU.Build.0 = Debug|Any CPU
		{22A05EBE-7F3D-4FDE-9268-A09ADF02E3B8}.Release|Any CPU.ActiveCfg = Release|Any CPU
		{22A05EBE-7F3D-4FDE-9268-A09ADF02E3B8}.Release|Any CPU.Build.0 = Release|Any CPU
	EndGlobalSection
	GlobalSection(SolutionProperties) = preSolution
		HideSolutionNode = FALSE
	EndGlobalSection
EndGlobal
